{
  "name": "1_cache",
  "lockfileVersion": 3,
  "requires": true,
  "packages": {
    "": {
      "dependencies": {
        "cache-express": "^1.0.2"
      }
    },
    "node_modules/cache-express": {
      "version": "1.0.2",
      "resolved": "https://registry.npmjs.org/cache-express/-/cache-express-1.0.2.tgz",
      "integrity": "sha512-YL/UxDIkIGjgBXTwtodHEa6JQJ5uXUIsDl+vozOa+RsNh/1n8Sle8ITwJMNL4h0meFOrdnN9d9vFfrnYLhNALw==",
      "engines": {
        "node": ">=16"
      }
    }
  }
}
